
Microsoft Visual Studio Solution File, Format Version 12.00
# Visual Studio Version 17
VisualStudioVersion = 17.1.32328.378
MinimumVisualStudioVersion = 10.0.40219.1
Project("{9A19103F-16F7-4668-BE54-9A1E7A4F7556}") = "BuildServiceAPI", "BuildServiceAPI\BuildServiceAPI.csproj", "{DBD9CB6B-B764-4EB9-BDC5-EEA33E4F27F2}"
EndProject
Project("{2150E333-8FDC-42A3-9474-1A3956D46DE8}") = "Solution Items", "Solution Items", "{2FE8212A-7411-43D8-85C2-38EB44B213DE}"
	ProjectSection(SolutionItems) = preProject
		.editorconfig = .editorconfig
	EndProjectSection
EndProject
Project("{9A19103F-16F7-4668-BE54-9A1E7A4F7556}") = "BuildServiceCommon", "BuildServiceCommon\BuildServiceCommon.csproj", "{B57069B8-C42D-44EF-B78B-0887D04E72A8}"
EndProject
Project("{FAE04EC0-301F-11D3-BF4B-00C04F79EFBC}") = "BuildServiceAPI.DesktopClient", "BuildServiceAPI.DesktopClient\BuildServiceAPI.DesktopClient.csproj", "{690D0D36-C3FE-4D86-B241-B0DFE14980B7}"
EndProject
Global
	GlobalSection(SolutionConfigurationPlatforms) = preSolution
		Debug|Any CPU = Debug|Any CPU
		Release|Any CPU = Release|Any CPU
	EndGlobalSection
	GlobalSection(ProjectConfigurationPlatforms) = postSolution
		{DBD9CB6B-B764-4EB9-BDC5-EEA33E4F27F2}.Debug|Any CPU.ActiveCfg = Debug|Any CPU
		{DBD9CB6B-B764-4EB9-BDC5-EEA33E4F27F2}.Debug|Any CPU.Build.0 = Debug|Any CPU
		{DBD9CB6B-B764-4EB9-BDC5-EEA33E4F27F2}.Release|Any CPU.ActiveCfg = Release|Any CPU
		{DBD9CB6B-B764-4EB9-BDC5-EEA33E4F27F2}.Release|Any CPU.Build.0 = Release|Any CPU
		{B57069B8-C42D-44EF-B78B-0887D04E72A8}.Debug|Any CPU.ActiveCfg = Debug|Any CPU
		{B57069B8-C42D-44EF-B78B-0887D04E72A8}.Debug|Any CPU.Build.0 = Debug|Any CPU
		{B57069B8-C42D-44EF-B78B-0887D04E72A8}.Release|Any CPU.ActiveCfg = Release|Any CPU
		{B57069B8-C42D-44EF-B78B-0887D04E72A8}.Release|Any CPU.Build.0 = Release|Any CPU
		{690D0D36-C3FE-4D86-B241-B0DFE14980B7}.Debug|Any CPU.ActiveCfg = Debug|Any CPU
		{690D0D36-C3FE-4D86-B241-B0DFE14980B7}.Debug|Any CPU.Build.0 = Debug|Any CPU
		{690D0D36-C3FE-4D86-B241-B0DFE14980B7}.Release|Any CPU.ActiveCfg = Release|Any CPU
		{690D0D36-C3FE-4D86-B241-B0DFE14980B7}.Release|Any CPU.Build.0 = Release|Any CPU
	EndGlobalSection
	GlobalSection(SolutionProperties) = preSolution
		HideSolutionNode = FALSE
	EndGlobalSection
	GlobalSection(ExtensibilityGlobals) = postSolution
		SolutionGuid = {F3C77772-D21F-4862-AC94-5618F784605D}
	EndGlobalSection
EndGlobal
